
Microsoft Visual Studio Solution File, Format Version 12.00
# Visual Studio Version 17
VisualStudioVersion = 17.13.35931.197 d17.13
MinimumVisualStudioVersion = 10.0.40219.1
Project("{FAE04EC0-301F-11D3-BF4B-00C04F79EFBC}") = "DateTimeVerticalAxesDemo", "DateTimeVerticalAxesDemo.csproj", "{3DDCEDA1-AF0E-4656-9170-BC78E7571216}"
EndProject
Global
	GlobalSection(SolutionConfigurationPlatforms) = preSolution
		Debug|Any CPU = Debug|Any CPU
		Release|Any CPU = Release|Any CPU
	EndGlobalSection
	GlobalSection(ProjectConfigurationPlatforms) = postSolution
		{3DDCEDA1-AF0E-4656-9170-BC78E7571216}.Debug|Any CPU.ActiveCfg = Debug|Any CPU
		{3DDCEDA1-AF0E-4656-9170-BC78E7571216}.Debug|Any CPU.Build.0 = Debug|Any CPU
		{3DDCEDA1-AF0E-4656-9170-BC78E7571216}.Release|Any CPU.ActiveCfg = Release|Any CPU
		{3DDCEDA1-AF0E-4656-9170-BC78E7571216}.Release|Any CPU.Build.0 = Release|Any CPU
	EndGlobalSection
	GlobalSection(SolutionProperties) = preSolution
		HideSolutionNode = FALSE
	EndGlobalSection
	GlobalSection(ExtensibilityGlobals) = postSolution
		SolutionGuid = {1AF5564A-F437-46D1-BDF3-58307F3428D1}
	EndGlobalSection
EndGlobal
